# This file is automatically @generated by Cargo.
# It is not intended for manual editing.
version = 4

[[package]]
name = "mut_flow"
version = "0.1.0"
dependencies = [
 "test_panic",
]

[[package]]
name = "test_panic"
version = "0.4.1"
source = "registry+https://github.com/rust-lang/crates.io-index"
checksum = "5b166d3664ab5dc729ad13c10ad5d14022d1cd672f56e5b4f42687c74259cd8c"
